
Microsoft Visual Studio Solution File, Format Version 12.00
# Visual Studio Version 17
VisualStudioVersion = 17.11.35312.102
MinimumVisualStudioVersion = 10.0.40219.1
Project("{FAE04EC0-301F-11D3-BF4B-00C04F79EFBC}") = "Print_NameAndAge", "Print_NameAndAge\Print_NameAndAge.csproj", "{12B5F17F-D3BD-451C-8D42-332C1BE18272}"
EndProject
Global
	GlobalSection(SolutionConfigurationPlatforms) = preSolution
		Debug|Any CPU = Debug|Any CPU
		Release|Any CPU = Release|Any CPU
	EndGlobalSection
	GlobalSection(ProjectConfigurationPlatforms) = postSolution
		{12B5F17F-D3BD-451C-8D42-332C1BE18272}.Debug|Any CPU.ActiveCfg = Debug|Any CPU
		{12B5F17F-D3BD-451C-8D42-332C1BE18272}.Debug|Any CPU.Build.0 = Debug|Any CPU
		{12B5F17F-D3BD-451C-8D42-332C1BE18272}.Release|Any CPU.ActiveCfg = Release|Any CPU
		{12B5F17F-D3BD-451C-8D42-332C1BE18272}.Release|Any CPU.Build.0 = Release|Any CPU
	EndGlobalSection
	GlobalSection(SolutionProperties) = preSolution
		HideSolutionNode = FALSE
	EndGlobalSection
	GlobalSection(ExtensibilityGlobals) = postSolution
		SolutionGuid = {92969944-2F5E-4D49-8290-A651A46E6123}
	EndGlobalSection
EndGlobal
